<?xml version="1.0" encoding="utf-8"?>
<Project ToolsVersion="4.0" xmlns="http://schemas.microsoft.com/developer/msbuild/2003">
  <ItemGroup>
    <Filter Include="Main">
      <UniqueIdentifier>{43ccd2dd-71b1-4a3b-83f8-cf5b54c5c67c}</UniqueIdentifier>
    </Filter>
    <Filter Include="Utils">
      <UniqueIdentifier>{7d9fdcf1-9aa1-41bb-9922-7f712e023c55}</UniqueIdentifier>
    </Filter>
    <Filter Include="Protocol">
      <UniqueIdentifier>{51812c4d-5dff-4320-93e6-812057425e75}</UniqueIdentifier>
    </Filter>
    <Filter Include="GameContents">
      <UniqueIdentifier>{3857d0d6-9bf1-4ca3-a61e-ba0451050c5f}</UniqueIdentifier>
    </Filter>
    <Filter Include="DB">
      <UniqueIdentifier>{cdf1afaa-e9c0-4677-8432-411f02dabe49}</UniqueIdentifier>
    </Filter>
  </ItemGroup>
  <ItemGroup>
    <ClCompile Include="GameServer.cpp">
      <Filter>Main</Filter>
    </ClCompile>
    <ClCompile Include="pch.cpp">
      <Filter>Utils</Filter>
    </ClCompile>
    <ClCompile Include="GameSession.cpp">
      <Filter>Main</Filter>
    </ClCompile>
    <ClCompile Include="GameSessionManager.cpp">
      <Filter>Main</Filter>
    </ClCompile>
    <ClCompile Include="ClientPacketHandler.cpp">
      <Filter>Main</Filter>
    </ClCompile>
    <ClCompile Include="Enum.pb.cc" />
    <ClCompile Include="Protocol.pb.cc" />
    <ClCompile Include="Struct.pb.cc" />
    <ClCompile Include="Player.cpp">
      <Filter>GameContents</Filter>
    </ClCompile>
    <ClCompile Include="Room.cpp">
      <Filter>GameContents</Filter>
    </ClCompile>
    <ClCompile Include="ServerGlobal.cpp">
      <Filter>Main</Filter>
    </ClCompile>
  </ItemGroup>
  <ItemGroup>
    <ClInclude Include="pch.h">
      <Filter>Utils</Filter>
    </ClInclude>
    <ClInclude Include="GameSession.h">
      <Filter>Main</Filter>
    </ClInclude>
    <ClInclude Include="GameSessionManager.h">
      <Filter>Main</Filter>
    </ClInclude>
    <ClInclude Include="ClientPacketHandler.h">
      <Filter>Main</Filter>
    </ClInclude>
    <ClInclude Include="Enum.pb.h" />
    <ClInclude Include="Protocol.pb.h" />
    <ClInclude Include="Struct.pb.h" />
    <ClInclude Include="Player.h">
      <Filter>GameContents</Filter>
    </ClInclude>
    <ClInclude Include="Room.h">
      <Filter>GameContents</Filter>
    </ClInclude>
    <ClInclude Include="ServerGlobal.h">
      <Filter>Main</Filter>
    </ClInclude>
    <ClInclude Include="GenProcedures.h">
      <Filter>DB</Filter>
    </ClInclude>
  </ItemGroup>
  <ItemGroup>
    <None Include="..\Common\protobuf\bin\Enum.proto">
      <Filter>Protocol</Filter>
    </None>
    <None Include="..\Common\protobuf\bin\Struct.proto">
      <Filter>Protocol</Filter>
    </None>
    <None Include="..\Common\protobuf\bin\Protocol.proto">
      <Filter>Protocol</Filter>
    </None>
    <None Include="..\Common\protobuf\bin\GenPackets.bat">
      <Filter>Protocol</Filter>
    </None>
    <None Include="..\Common\Procedures\GenProcs.bat">
      <Filter>DB</Filter>
    </None>
  </ItemGroup>
  <ItemGroup>
    <Xml Include="GameDB.xml">
      <Filter>DB</Filter>
    </Xml>
  </ItemGroup>
</Project>