<?xml version="1.0" encoding="utf-8"?>
<Project ToolsVersion="4.0" xmlns="http://schemas.microsoft.com/developer/msbuild/2003">
  <ItemGroup>
    <Filter Include="Main">
      <UniqueIdentifier>{43ccd2dd-71b1-4a3b-83f8-cf5b54c5c67c}</UniqueIdentifier>
    </Filter>
    <Filter Include="Utils">
      <UniqueIdentifier>{7d9fdcf1-9aa1-41bb-9922-7f712e023c55}</UniqueIdentifier>
    </Filter>
    <Filter Include="Protocol">
      <UniqueIdentifier>{51812c4d-5dff-4320-93e6-812057425e75}</UniqueIdentifier>
    </Filter>
    <Filter Include="GameContents">
      <UniqueIdentifier>{3857d0d6-9bf1-4ca3-a61e-ba0451050c5f}</UniqueIdentifier>
    </Filter>
    <Filter Include="DB">
      <UniqueIdentifier>{cdf1afaa-e9c0-4677-8432-411f02dabe49}</UniqueIdentifier>
    </Filter>
    <Filter Include="GameContents\Object">
      <UniqueIdentifier>{c273412f-0185-4094-8488-64f44b66b47b}</UniqueIdentifier>
    </Filter>
    <Filter Include="GameContents\Room">
      <UniqueIdentifier>{424d99b4-1f05-4e59-9f7d-4170390ad084}</UniqueIdentifier>
    </Filter>
    <Filter Include="Packet">
      <UniqueIdentifier>{286df4ca-b454-499f-a3f3-3ce4d85d2144}</UniqueIdentifier>
    </Filter>
    <Filter Include="Session">
      <UniqueIdentifier>{81a6d9c3-83c3-4756-9199-717f109bd71e}</UniqueIdentifier>
    </Filter>
    <Filter Include="Data">
      <UniqueIdentifier>{08134d7b-f524-44aa-be21-4d063728768c}</UniqueIdentifier>
    </Filter>
  </ItemGroup>
  <ItemGroup>
    <ClCompile Include="GameServer.cpp">
      <Filter>Main</Filter>
    </ClCompile>
    <ClCompile Include="pch.cpp">
      <Filter>Utils</Filter>
    </ClCompile>
    <ClCompile Include="Enum.pb.cc" />
    <ClCompile Include="Protocol.pb.cc" />
    <ClCompile Include="Struct.pb.cc" />
    <ClCompile Include="Room.cpp">
      <Filter>GameContents\Room</Filter>
    </ClCompile>
    <ClCompile Include="Player.cpp">
      <Filter>GameContents\Object</Filter>
    </ClCompile>
    <ClCompile Include="ClientPacketHandler.cpp">
      <Filter>Packet</Filter>
    </ClCompile>
    <ClCompile Include="GameSession.cpp">
      <Filter>Session</Filter>
    </ClCompile>
    <ClCompile Include="GameSessionManager.cpp">
      <Filter>Session</Filter>
    </ClCompile>
    <ClCompile Include="Map.cpp">
      <Filter>GameContents\Room</Filter>
    </ClCompile>
    <ClCompile Include="RoomManager.cpp">
      <Filter>GameContents\Room</Filter>
    </ClCompile>
    <ClCompile Include="ObjectManager.cpp">
      <Filter>GameContents\Object</Filter>
    </ClCompile>
    <ClCompile Include="GameObject.cpp">
      <Filter>GameContents\Object</Filter>
    </ClCompile>
    <ClCompile Include="Monster.cpp">
      <Filter>GameContents\Object</Filter>
    </ClCompile>
    <ClCompile Include="Projectile.cpp">
      <Filter>GameContents\Object</Filter>
    </ClCompile>
    <ClCompile Include="Arrow.cpp">
      <Filter>GameContents\Object</Filter>
    </ClCompile>
    <ClCompile Include="ConfigManager.cpp">
      <Filter>Data</Filter>
    </ClCompile>
    <ClCompile Include="DataManager.cpp">
      <Filter>Data</Filter>
    </ClCompile>
    <ClCompile Include="Data.Contents.cpp">
      <Filter>Data</Filter>
    </ClCompile>
  </ItemGroup>
  <ItemGroup>
    <ClInclude Include="pch.h">
      <Filter>Utils</Filter>
    </ClInclude>
    <ClInclude Include="Enum.pb.h" />
    <ClInclude Include="Protocol.pb.h" />
    <ClInclude Include="Struct.pb.h" />
    <ClInclude Include="GenProcedures.h">
      <Filter>DB</Filter>
    </ClInclude>
    <ClInclude Include="Room.h">
      <Filter>GameContents\Room</Filter>
    </ClInclude>
    <ClInclude Include="Player.h">
      <Filter>GameContents\Object</Filter>
    </ClInclude>
    <ClInclude Include="ClientPacketHandler.h">
      <Filter>Packet</Filter>
    </ClInclude>
    <ClInclude Include="GameSessionManager.h">
      <Filter>Session</Filter>
    </ClInclude>
    <ClInclude Include="GameSession.h">
      <Filter>Session</Filter>
    </ClInclude>
    <ClInclude Include="Map.h">
      <Filter>GameContents\Room</Filter>
    </ClInclude>
    <ClInclude Include="RoomManager.h">
      <Filter>GameContents\Room</Filter>
    </ClInclude>
    <ClInclude Include="ObjectManager.h">
      <Filter>GameContents\Object</Filter>
    </ClInclude>
    <ClInclude Include="GameObject.h">
      <Filter>GameContents\Object</Filter>
    </ClInclude>
    <ClInclude Include="Monster.h">
      <Filter>GameContents\Object</Filter>
    </ClInclude>
    <ClInclude Include="Projectile.h">
      <Filter>GameContents\Object</Filter>
    </ClInclude>
    <ClInclude Include="Arrow.h">
      <Filter>GameContents\Object</Filter>
    </ClInclude>
    <ClInclude Include="ConfigManager.h">
      <Filter>Data</Filter>
    </ClInclude>
    <ClInclude Include="Data.Contents.h">
      <Filter>Data</Filter>
    </ClInclude>
    <ClInclude Include="DataManager.h">
      <Filter>Data</Filter>
    </ClInclude>
  </ItemGroup>
  <ItemGroup>
    <None Include="..\Common\protobuf\bin\Enum.proto">
      <Filter>Protocol</Filter>
    </None>
    <None Include="..\Common\protobuf\bin\Struct.proto">
      <Filter>Protocol</Filter>
    </None>
    <None Include="..\Common\protobuf\bin\Protocol.proto">
      <Filter>Protocol</Filter>
    </None>
    <None Include="..\Common\protobuf\bin\GenPackets.bat">
      <Filter>Protocol</Filter>
    </None>
    <None Include="..\Common\Procedures\GenProcs.bat">
      <Filter>DB</Filter>
    </None>
  </ItemGroup>
  <ItemGroup>
    <Xml Include="GameDB.xml">
      <Filter>DB</Filter>
    </Xml>
  </ItemGroup>
</Project>